
Microsoft Visual Studio Solution File, Format Version 12.00
# Visual Studio Version 16
VisualStudioVersion = 16.0.29709.97
MinimumVisualStudioVersion = 10.0.40219.1
Project("{FAE04EC0-301F-11D3-BF4B-00C04F79EFBC}") = "Note App.Android", "Note App\Note App.Android\Note App.Android.csproj", "{436E28A3-82E4-4178-B197-874FA6818704}"
EndProject
Project("{FAE04EC0-301F-11D3-BF4B-00C04F79EFBC}") = "Note App.iOS", "Note App\Note App.iOS\Note App.iOS.csproj", "{C5E4AB76-5624-42FB-8289-818C0B437E97}"
EndProject
Project("{FAE04EC0-301F-11D3-BF4B-00C04F79EFBC}") = "Note App", "Note App\Note App\Note App.csproj", "{6C1AECC2-B522-4C72-810D-F7784793EC7A}"
EndProject
Global
	GlobalSection(SolutionConfigurationPlatforms) = preSolution
		Debug|Any CPU = Debug|Any CPU
		Debug|iPhone = Debug|iPhone
		Debug|iPhoneSimulator = Debug|iPhoneSimulator
		Release|Any CPU = Release|Any CPU
		Release|iPhone = Release|iPhone
		Release|iPhoneSimulator = Release|iPhoneSimulator
	EndGlobalSection
	GlobalSection(ProjectConfigurationPlatforms) = postSolution
		{436E28A3-82E4-4178-B197-874FA6818704}.Debug|Any CPU.ActiveCfg = Debug|Any CPU
		{436E28A3-82E4-4178-B197-874FA6818704}.Debug|Any CPU.Build.0 = Debug|Any CPU
		{436E28A3-82E4-4178-B197-874FA6818704}.Debug|Any CPU.Deploy.0 = Debug|Any CPU
		{436E28A3-82E4-4178-B197-874FA6818704}.Debug|iPhone.ActiveCfg = Debug|Any CPU
		{436E28A3-82E4-4178-B197-874FA6818704}.Debug|iPhone.Build.0 = Debug|Any CPU
		{436E28A3-82E4-4178-B197-874FA6818704}.Debug|iPhone.Deploy.0 = Debug|Any CPU
		{436E28A3-82E4-4178-B197-874FA6818704}.Debug|iPhoneSimulator.ActiveCfg = Debug|Any CPU
		{436E28A3-82E4-4178-B197-874FA6818704}.Debug|iPhoneSimulator.Build.0 = Debug|Any CPU
		{436E28A3-82E4-4178-B197-874FA6818704}.Debug|iPhoneSimulator.Deploy.0 = Debug|Any CPU
		{436E28A3-82E4-4178-B197-874FA6818704}.Release|Any CPU.ActiveCfg = Release|Any CPU
		{436E28A3-82E4-4178-B197-874FA6818704}.Release|Any CPU.Build.0 = Release|Any CPU
		{436E28A3-82E4-4178-B197-874FA6818704}.Release|Any CPU.Deploy.0 = Release|Any CPU
		{436E28A3-82E4-4178-B197-874FA6818704}.Release|iPhone.ActiveCfg = Release|Any CPU
		{436E28A3-82E4-4178-B197-874FA6818704}.Release|iPhone.Build.0 = Release|Any CPU
		{436E28A3-82E4-4178-B197-874FA6818704}.Release|iPhone.Deploy.0 = Release|Any CPU
		{436E28A3-82E4-4178-B197-874FA6818704}.Release|iPhoneSimulator.ActiveCfg = Release|Any CPU
		{436E28A3-82E4-4178-B197-874FA6818704}.Release|iPhoneSimulator.Build.0 = Release|Any CPU
		{436E28A3-82E4-4178-B197-874FA6818704}.Release|iPhoneSimulator.Deploy.0 = Release|Any CPU
		{C5E4AB76-5624-42FB-8289-818C0B437E97}.Debug|Any CPU.ActiveCfg = Debug|iPhoneSimulator
		{C5E4AB76-5624-42FB-8289-818C0B437E97}.Debug|Any CPU.Build.0 = Debug|iPhoneSimulator
		{C5E4AB76-5624-42FB-8289-818C0B437E97}.Debug|Any CPU.Deploy.0 = Debug|iPhoneSimulator
		{C5E4AB76-5624-42FB-8289-818C0B437E97}.Debug|iPhone.ActiveCfg = Debug|iPhone
		{C5E4AB76-5624-42FB-8289-818C0B437E97}.Debug|iPhone.Build.0 = Debug|iPhone
		{C5E4AB76-5624-42FB-8289-818C0B437E97}.Debug|iPhone.Deploy.0 = Debug|iPhone
		{C5E4AB76-5624-42FB-8289-818C0B437E97}.Debug|iPhoneSimulator.ActiveCfg = Debug|iPhoneSimulator
		{C5E4AB76-5624-42FB-8289-818C0B437E97}.Debug|iPhoneSimulator.Build.0 = Debug|iPhoneSimulator
		{C5E4AB76-5624-42FB-8289-818C0B437E97}.Debug|iPhoneSimulator.Deploy.0 = Debug|iPhoneSimulator
		{C5E4AB76-5624-42FB-8289-818C0B437E97}.Release|Any CPU.ActiveCfg = Release|iPhone
		{C5E4AB76-5624-42FB-8289-818C0B437E97}.Release|Any CPU.Build.0 = Release|iPhone
		{C5E4AB76-5624-42FB-8289-818C0B437E97}.Release|Any CPU.Deploy.0 = Release|iPhone
		{C5E4AB76-5624-42FB-8289-818C0B437E97}.Release|iPhone.ActiveCfg = Release|iPhone
		{C5E4AB76-5624-42FB-8289-818C0B437E97}.Release|iPhone.Build.0 = Release|iPhone
		{C5E4AB76-5624-42FB-8289-818C0B437E97}.Release|iPhone.Deploy.0 = Release|iPhone
		{C5E4AB76-5624-42FB-8289-818C0B437E97}.Release|iPhoneSimulator.ActiveCfg = Release|iPhoneSimulator
		{C5E4AB76-5624-42FB-8289-818C0B437E97}.Release|iPhoneSimulator.Build.0 = Release|iPhoneSimulator
		{C5E4AB76-5624-42FB-8289-818C0B437E97}.Release|iPhoneSimulator.Deploy.0 = Release|iPhoneSimulator
		{6C1AECC2-B522-4C72-810D-F7784793EC7A}.Debug|Any CPU.ActiveCfg = Debug|Any CPU
		{6C1AECC2-B522-4C72-810D-F7784793EC7A}.Debug|Any CPU.Build.0 = Debug|Any CPU
		{6C1AECC2-B522-4C72-810D-F7784793EC7A}.Debug|Any CPU.Deploy.0 = Debug|Any CPU
		{6C1AECC2-B522-4C72-810D-F7784793EC7A}.Debug|iPhone.ActiveCfg = Debug|Any CPU
		{6C1AECC2-B522-4C72-810D-F7784793EC7A}.Debug|iPhone.Build.0 = Debug|Any CPU
		{6C1AECC2-B522-4C72-810D-F7784793EC7A}.Debug|iPhone.Deploy.0 = Debug|Any CPU
		{6C1AECC2-B522-4C72-810D-F7784793EC7A}.Debug|iPhoneSimulator.ActiveCfg = Debug|Any CPU
		{6C1AECC2-B522-4C72-810D-F7784793EC7A}.Debug|iPhoneSimulator.Build.0 = Debug|Any CPU
		{6C1AECC2-B522-4C72-810D-F7784793EC7A}.Debug|iPhoneSimulator.Deploy.0 = Debug|Any CPU
		{6C1AECC2-B522-4C72-810D-F7784793EC7A}.Release|Any CPU.ActiveCfg = Release|Any CPU
		{6C1AECC2-B522-4C72-810D-F7784793EC7A}.Release|Any CPU.Build.0 = Release|Any CPU
		{6C1AECC2-B522-4C72-810D-F7784793EC7A}.Release|Any CPU.Deploy.0 = Release|Any CPU
		{6C1AECC2-B522-4C72-810D-F7784793EC7A}.Release|iPhone.ActiveCfg = Release|Any CPU
		{6C1AECC2-B522-4C72-810D-F7784793EC7A}.Release|iPhone.Build.0 = Release|Any CPU
		{6C1AECC2-B522-4C72-810D-F7784793EC7A}.Release|iPhone.Deploy.0 = Release|Any CPU
		{6C1AECC2-B522-4C72-810D-F7784793EC7A}.Release|iPhoneSimulator.ActiveCfg = Release|Any CPU
		{6C1AECC2-B522-4C72-810D-F7784793EC7A}.Release|iPhoneSimulator.Build.0 = Release|Any CPU
		{6C1AECC2-B522-4C72-810D-F7784793EC7A}.Release|iPhoneSimulator.Deploy.0 = Release|Any CPU
	EndGlobalSection
	GlobalSection(SolutionProperties) = preSolution
		HideSolutionNode = FALSE
	EndGlobalSection
	GlobalSection(ExtensibilityGlobals) = postSolution
		SolutionGuid = {B45B5482-00CF-4655-B06F-EB633823BE35}
	EndGlobalSection
EndGlobal
